<?xml version="1.0" encoding="utf-8"?>
<Project ToolsVersion="4.0" xmlns="http://schemas.microsoft.com/developer/msbuild/2003">
  <ItemGroup>
    <Filter Include="Source Files">
      <UniqueIdentifier>{4FC737F1-C7A5-4376-A066-2A32D752A2FF}</UniqueIdentifier>
      <Extensions>cpp;c;cc;cxx;c++;cppm;ixx;def;odl;idl;hpj;bat;asm;asmx</Extensions>
    </Filter>
    <Filter Include="Header Files">
      <UniqueIdentifier>{93995380-89BD-4b04-88EB-625FBE52EBFB}</UniqueIdentifier>
      <Extensions>h;hh;hpp;hxx;h++;hm;inl;inc;ipp;xsd</Extensions>
    </Filter>
    <Filter Include="Resource Files">
      <UniqueIdentifier>{67DA6AB6-F800-4c08-8B7A-83BB121AAD01}</UniqueIdentifier>
      <Extensions>rc;ico;cur;bmp;dlg;rc2;rct;bin;rgs;gif;jpg;jpeg;jpe;resx;tiff;tif;png;wav;mfcribbon-ms</Extensions>
    </Filter>
  </ItemGroup>
  <ItemGroup>
    <None Include="SDL2_mixer.dll" />
    <None Include="SDL2.dll" />
    <None Include="SDL2_image.dll" />
    <None Include="_Assets\Exercisi1\music_spy.ogg" />
    <None Include="_Assets\Musica_FX\Ambient.ogg" />
  </ItemGroup>
  <ItemGroup>
    <ClInclude Include="Utils\Path.h">
      <Filter>Header Files</Filter>
    </ClInclude>
    <ClInclude Include="Modules\Core\Render\Animation.h">
      <Filter>Header Files</Filter>
    </ClInclude>
    <ClInclude Include="Modules\Core\Collisions\Collider.h">
      <Filter>Header Files</Filter>
    </ClInclude>
    <ClInclude Include="Utils\p2Point.h">
      <Filter>Header Files</Filter>
    </ClInclude>
    <ClInclude Include="Modules\Module.h">
      <Filter>Header Files</Filter>
    </ClInclude>
    <ClInclude Include="Modules\Gameplay\ModulePlayer.h">
      <Filter>Header Files</Filter>
    </ClInclude>
    <ClInclude Include="Modules\Core\Render\ModuleWindow.h">
      <Filter>Header Files</Filter>
    </ClInclude>
    <ClInclude Include="Modules\Core\Audio\ModuleAudio.h">
      <Filter>Header Files</Filter>
    </ClInclude>
    <ClInclude Include="Modules\Core\Collisions\ModuleCollisions.h">
      <Filter>Header Files</Filter>
    </ClInclude>
    <ClInclude Include="Modules\Foreground\ModuleFadeToBlack.h">
      <Filter>Header Files</Filter>
    </ClInclude>
    <ClInclude Include="Modules\Foreground\ModuleHUD.h">
      <Filter>Header Files</Filter>
    </ClInclude>
    <ClInclude Include="Modules\Core\Inputs\ModuleInput.h">
      <Filter>Header Files</Filter>
    </ClInclude>
    <ClInclude Include="Modules\Core\Entities\ModuleParticles.h">
      <Filter>Header Files</Filter>
    </ClInclude>
    <ClInclude Include="Modules\Core\Render\ModuleRender.h">
      <Filter>Header Files</Filter>
    </ClInclude>
    <ClInclude Include="Modules\Core\Render\ModuleTextures.h">
      <Filter>Header Files</Filter>
    </ClInclude>
    <ClInclude Include="Application\MemLeaks.h">
      <Filter>Header Files</Filter>
    </ClInclude>
    <ClInclude Include="Application\Application.h">
      <Filter>Header Files</Filter>
    </ClInclude>
    <ClInclude Include="Application\FileNames.h">
      <Filter>Header Files</Filter>
    </ClInclude>
    <ClInclude Include="Application\Globals.h">
      <Filter>Header Files</Filter>
    </ClInclude>
    <ClInclude Include="Utils\Directions.h">
      <Filter>Header Files</Filter>
    </ClInclude>
    <ClInclude Include="Utils\DirectionHelper.h">
      <Filter>Header Files</Filter>
    </ClInclude>
    <ClInclude Include="Utils\PatrolPath.h">
      <Filter>Header Files</Filter>
    </ClInclude>
    <ClInclude Include="Modules\Core\Physics\ModulePhysics.h">
      <Filter>Header Files</Filter>
    </ClInclude>
    <ClInclude Include="Modules\Levels\Scena_Exercisi2.h">
      <Filter>Header Files</Filter>
    </ClInclude>
    <ClInclude Include="Modules\Levels\Scena_Exercisi3.h">
      <Filter>Header Files</Filter>
    </ClInclude>
    <ClInclude Include="Modules\Levels\Scena_Exercisi1.h">
      <Filter>Header Files</Filter>
    </ClInclude>
    <ClInclude Include="Modules\Levels\Scena_Exercisi5.h">
      <Filter>Header Files</Filter>
    </ClInclude>
    <ClInclude Include="Modules\Core\Entities\Particle.h">
      <Filter>Header Files</Filter>
    </ClInclude>
  </ItemGroup>
  <ItemGroup>
    <ClCompile Include="Modules\Core\Collisions\Collider.cpp">
      <Filter>Source Files</Filter>
    </ClCompile>
    <ClCompile Include="Utils\Path.cpp">
      <Filter>Source Files</Filter>
    </ClCompile>
    <ClCompile Include="Modules\Gameplay\ModulePlayer.cpp">
      <Filter>Source Files</Filter>
    </ClCompile>
    <ClCompile Include="Modules\Module.cpp">
      <Filter>Source Files</Filter>
    </ClCompile>
    <ClCompile Include="Modules\Core\Audio\ModuleAudio.cpp">
      <Filter>Source Files</Filter>
    </ClCompile>
    <ClCompile Include="Modules\Core\Collisions\ModuleCollisions.cpp">
      <Filter>Source Files</Filter>
    </ClCompile>
    <ClCompile Include="Modules\Foreground\ModuleFadeToBlack.cpp">
      <Filter>Source Files</Filter>
    </ClCompile>
    <ClCompile Include="Modules\Foreground\ModuleHUD.cpp">
      <Filter>Source Files</Filter>
    </ClCompile>
    <ClCompile Include="Modules\Core\Inputs\ModuleInput.cpp">
      <Filter>Source Files</Filter>
    </ClCompile>
    <ClCompile Include="Modules\Core\Entities\ModuleParticles.cpp">
      <Filter>Source Files</Filter>
    </ClCompile>
    <ClCompile Include="Modules\Core\Render\ModuleRender.cpp">
      <Filter>Source Files</Filter>
    </ClCompile>
    <ClCompile Include="Modules\Core\Render\ModuleTextures.cpp">
      <Filter>Source Files</Filter>
    </ClCompile>
    <ClCompile Include="Modules\Core\Render\ModuleWindow.cpp">
      <Filter>Source Files</Filter>
    </ClCompile>
    <ClCompile Include="Application\Application.cpp">
      <Filter>Source Files</Filter>
    </ClCompile>
    <ClCompile Include="Application\Globals.cpp">
      <Filter>Source Files</Filter>
    </ClCompile>
    <ClCompile Include="Application\Main.cpp">
      <Filter>Source Files</Filter>
    </ClCompile>
    <ClCompile Include="Utils\DirectionHelper.cpp">
      <Filter>Source Files</Filter>
    </ClCompile>
    <ClCompile Include="Utils\PatrolPath.cpp">
      <Filter>Source Files</Filter>
    </ClCompile>
    <ClCompile Include="Modules\Core\Physics\ModulePhysics.cpp">
      <Filter>Source Files</Filter>
    </ClCompile>
    <ClCompile Include="Modules\Levels\Scena_Exercisi2.cpp">
      <Filter>Source Files</Filter>
    </ClCompile>
    <ClCompile Include="Modules\Levels\Scena_exercisi3.cpp">
      <Filter>Source Files</Filter>
    </ClCompile>
    <ClCompile Include="Modules\Levels\Scena_Exercisi1.cpp">
      <Filter>Source Files</Filter>
    </ClCompile>
    <ClCompile Include="Modules\Levels\Scena_Exercisi5.cpp">
      <Filter>Source Files</Filter>
    </ClCompile>
    <ClCompile Include="Modules\Core\Entities\Particle.cpp">
      <Filter>Source Files</Filter>
    </ClCompile>
  </ItemGroup>
  <ItemGroup>
    <Image Include="_Assets\Imagenes\enemy_01.png">
      <Filter>Resource Files</Filter>
    </Image>
    <Image Include="_Assets\Imagenes\main_character\spritesheet_character.png">
      <Filter>Resource Files</Filter>
    </Image>
    <Image Include="_Assets\Imagenes\SpriteSheet.png">
      <Filter>Resource Files</Filter>
    </Image>
    <Image Include="_Assets\Imagenes\FondoTest.png">
      <Filter>Resource Files</Filter>
    </Image>
    <Image Include="_Assets\Exercisi1\caja.png">
      <Filter>Resource Files</Filter>
    </Image>
    <Image Include="_Assets\Exercisi1\planta.png">
      <Filter>Resource Files</Filter>
    </Image>
    <Image Include="_Assets\Exercisi1\planta2.png">
      <Filter>Resource Files</Filter>
    </Image>
    <Image Include="_Assets\Exercisi1\suelo.png">
      <Filter>Resource Files</Filter>
    </Image>
    <Image Include="_Assets\Exercisi2\background.png">
      <Filter>Resource Files</Filter>
    </Image>
    <Image Include="_Assets\Exercisi2\box.png">
      <Filter>Resource Files</Filter>
    </Image>
    <Image Include="_Assets\Exercisi2\car.png">
      <Filter>Resource Files</Filter>
    </Image>
    <Image Include="_Assets\Exercisi2\grass.png">
      <Filter>Resource Files</Filter>
    </Image>
    <Image Include="_Assets\Exercisi2\ground.png">
      <Filter>Resource Files</Filter>
    </Image>
    <Image Include="_Assets\Exercisi2\link.png">
      <Filter>Resource Files</Filter>
    </Image>
    <Image Include="_Assets\Exercisi2\linkJump.png">
      <Filter>Resource Files</Filter>
    </Image>
    <Image Include="_Assets\Exercisi2\sprite.png">
      <Filter>Resource Files</Filter>
    </Image>
    <Image Include="_Assets\Exercisi2\spritesheet_enemy_basic.png">
      <Filter>Resource Files</Filter>
    </Image>
    <Image Include="_Assets\Exercisi2\test.png">
      <Filter>Resource Files</Filter>
    </Image>
    <Image Include="_Assets\Exercisi3\aspid.png">
      <Filter>Resource Files</Filter>
    </Image>
    <Image Include="_Assets\Exercisi3\boom.png">
      <Filter>Resource Files</Filter>
    </Image>
    <Image Include="_Assets\Exercisi3\Canon.png">
      <Filter>Resource Files</Filter>
    </Image>
    <Image Include="_Assets\Exercisi3\Fondo3.png">
      <Filter>Resource Files</Filter>
    </Image>
    <Image Include="_Assets\Imagenes\enemies\enemigo_estatico_spritesheet.png">
      <Filter>Resource Files</Filter>
    </Image>
    <Image Include="_Assets\Imagenes\enemies\enemy_01_spritesheet.png">
      <Filter>Resource Files</Filter>
    </Image>
    <Image Include="_Assets\Imagenes\mapas\level_01.png">
      <Filter>Resource Files</Filter>
    </Image>
    <Image Include="_Assets\Imagenes\mapas\level_01_overlay.png">
      <Filter>Resource Files</Filter>
    </Image>
    <Image Include="_Assets\Imagenes\mapas\level_02.png">
      <Filter>Resource Files</Filter>
    </Image>
    <Image Include="_Assets\Imagenes\mapas\tutorial_level.png">
      <Filter>Resource Files</Filter>
    </Image>
    <Image Include="_Assets\Imagenes\mapas\tutorial_overlay.png">
      <Filter>Resource Files</Filter>
    </Image>
    <Image Include="_Assets\Imagenes\UI\BackEchoDefinitivo.png">
      <Filter>Resource Files</Filter>
    </Image>
    <Image Include="_Assets\Imagenes\UI\EchoDefinitiu.png">
      <Filter>Resource Files</Filter>
    </Image>
    <Image Include="_Assets\Imagenes\UI\Echodefinitivo2.png">
      <Filter>Resource Files</Filter>
    </Image>
    <Image Include="_Assets\Imagenes\UI\Echodefinitivo3.png">
      <Filter>Resource Files</Filter>
    </Image>
    <Image Include="_Assets\Imagenes\UI\Eco.png">
      <Filter>Resource Files</Filter>
    </Image>
    <Image Include="_Assets\Imagenes\UI\espacio_sprite.png">
      <Filter>Resource Files</Filter>
    </Image>
    <Image Include="_Assets\Imagenes\UI\habilidad_icono.png">
      <Filter>Resource Files</Filter>
    </Image>
    <Image Include="_Assets\Imagenes\UI\habilidad_icono_02.png">
      <Filter>Resource Files</Filter>
    </Image>
    <Image Include="_Assets\Imagenes\UI\intro_spritesheet.png">
      <Filter>Resource Files</Filter>
    </Image>
    <Image Include="_Assets\Imagenes\UI\numeros_spritesheet.png">
      <Filter>Resource Files</Filter>
    </Image>
    <Image Include="_Assets\Imagenes\UI\oscuridad.png">
      <Filter>Resource Files</Filter>
    </Image>
    <Image Include="_Assets\Imagenes\UI\play_spritesheet.png">
      <Filter>Resource Files</Filter>
    </Image>
    <Image Include="_Assets\rtype_font.png">
      <Filter>Resource Files</Filter>
    </Image>
  </ItemGroup>
  <ItemGroup>
    <Media Include="_Assets\Exercisi1\hello_man.wav">
      <Filter>Resource Files</Filter>
    </Media>
    <Media Include="_Assets\Musica_FX\ability_sound.mp3" />
    <Media Include="_Assets\Musica_FX\ability_sound_2.mp3" />
    <Media Include="_Assets\Musica_FX\button_sound.mp3" />
  </ItemGroup>
</Project>